
Microsoft Visual Studio Solution File, Format Version 12.00
Project("{FAE04EC0-301F-11D3-BF4B-00C04F79EFBC}") = "HostAppWithSerilog", "HostAppWithSerilog\HostAppWithSerilog.csproj", "{70F83DC2-F913-4514-9443-5B9139D6FE8D}"
EndProject
Project("{FAE04EC0-301F-11D3-BF4B-00C04F79EFBC}") = "DependencyInjectionConsoleTemplate", "DependencyInjectionConsoleTemplate\DependencyInjectionConsoleTemplate.csproj", "{3C00C31D-657E-4EEF-94D9-2378FEDF4B15}"
EndProject
Project("{FAE04EC0-301F-11D3-BF4B-00C04F79EFBC}") = "DIConsoleWithDbContext", "DIConsoleWithDbContext\DIConsoleWithDbContext.csproj", "{F9AFC323-87D3-4530-85A8-8CAAE4DB5627}"
EndProject
Project("{FAE04EC0-301F-11D3-BF4B-00C04F79EFBC}") = "UseAutoMapper", "UseAutoMapper\UseAutoMapper.csproj", "{A7B7B64B-1597-41A5-A35E-75282DE6E10F}"
EndProject
Project("{FAE04EC0-301F-11D3-BF4B-00C04F79EFBC}") = "AboutConfigureAwait", "AboutConfigureAwait\AboutConfigureAwait.csproj", "{9D174E36-63E6-42C0-B485-2A032D4A00BE}"
EndProject
Project("{FAE04EC0-301F-11D3-BF4B-00C04F79EFBC}") = "QuartzJob", "QuartzJob\QuartzJob.csproj", "{CD7A1F29-0A42-45EC-BCF2-75C3CADF7778}"
EndProject
Project("{FAE04EC0-301F-11D3-BF4B-00C04F79EFBC}") = "ControllerApiWithDockerSupport", "ControllerApiWithDockerSupport\ControllerApiWithDockerSupport.csproj", "{295A373B-D554-4088-95AB-BD9315284382}"
EndProject
Project("{FAE04EC0-301F-11D3-BF4B-00C04F79EFBC}") = "JsonWebTokenGenerator", "JsonWebTokenGenerator\JsonWebTokenGenerator.csproj", "{7895300A-265D-4353-95AF-F5A42BA8D6CA}"
EndProject
Project("{2150E333-8FDC-42A3-9474-1A3956D46DE8}") = "Templates", "Templates", "{33A569F2-550C-4C1B-9199-468661A8EAEA}"
EndProject
Project("{FAE04EC0-301F-11D3-BF4B-00C04F79EFBC}") = "ImplementIDisposable", "ImplementIDisposable\ImplementIDisposable.csproj", "{E54DD184-E454-4B37-A62D-D336767BAC7C}"
EndProject
Project("{FAE04EC0-301F-11D3-BF4B-00C04F79EFBC}") = "SqlWithJson", "SqlWithJson\SqlWithJson.csproj", "{32548BC7-68F6-4F3B-8475-E4542804A387}"
Project("{FAE04EC0-301F-11D3-BF4B-00C04F79EFBC}") = "CoravelSample", "CoravelSample\CoravelSample.csproj", "{C2936AED-738D-45C7-B36F-C671B8FE2C2F}"
EndProject
Global
	GlobalSection(SolutionConfigurationPlatforms) = preSolution
		Debug|Any CPU = Debug|Any CPU
		Release|Any CPU = Release|Any CPU
	EndGlobalSection
	GlobalSection(ProjectConfigurationPlatforms) = postSolution
		{70F83DC2-F913-4514-9443-5B9139D6FE8D}.Debug|Any CPU.ActiveCfg = Debug|Any CPU
		{70F83DC2-F913-4514-9443-5B9139D6FE8D}.Debug|Any CPU.Build.0 = Debug|Any CPU
		{70F83DC2-F913-4514-9443-5B9139D6FE8D}.Release|Any CPU.ActiveCfg = Release|Any CPU
		{70F83DC2-F913-4514-9443-5B9139D6FE8D}.Release|Any CPU.Build.0 = Release|Any CPU
		{3C00C31D-657E-4EEF-94D9-2378FEDF4B15}.Debug|Any CPU.ActiveCfg = Debug|Any CPU
		{3C00C31D-657E-4EEF-94D9-2378FEDF4B15}.Debug|Any CPU.Build.0 = Debug|Any CPU
		{3C00C31D-657E-4EEF-94D9-2378FEDF4B15}.Release|Any CPU.ActiveCfg = Release|Any CPU
		{3C00C31D-657E-4EEF-94D9-2378FEDF4B15}.Release|Any CPU.Build.0 = Release|Any CPU
		{F9AFC323-87D3-4530-85A8-8CAAE4DB5627}.Debug|Any CPU.ActiveCfg = Debug|Any CPU
		{F9AFC323-87D3-4530-85A8-8CAAE4DB5627}.Debug|Any CPU.Build.0 = Debug|Any CPU
		{F9AFC323-87D3-4530-85A8-8CAAE4DB5627}.Release|Any CPU.ActiveCfg = Release|Any CPU
		{F9AFC323-87D3-4530-85A8-8CAAE4DB5627}.Release|Any CPU.Build.0 = Release|Any CPU
		{A7B7B64B-1597-41A5-A35E-75282DE6E10F}.Debug|Any CPU.ActiveCfg = Debug|Any CPU
		{A7B7B64B-1597-41A5-A35E-75282DE6E10F}.Debug|Any CPU.Build.0 = Debug|Any CPU
		{A7B7B64B-1597-41A5-A35E-75282DE6E10F}.Release|Any CPU.ActiveCfg = Release|Any CPU
		{A7B7B64B-1597-41A5-A35E-75282DE6E10F}.Release|Any CPU.Build.0 = Release|Any CPU
		{9D174E36-63E6-42C0-B485-2A032D4A00BE}.Debug|Any CPU.ActiveCfg = Debug|Any CPU
		{9D174E36-63E6-42C0-B485-2A032D4A00BE}.Debug|Any CPU.Build.0 = Debug|Any CPU
		{9D174E36-63E6-42C0-B485-2A032D4A00BE}.Release|Any CPU.ActiveCfg = Release|Any CPU
		{9D174E36-63E6-42C0-B485-2A032D4A00BE}.Release|Any CPU.Build.0 = Release|Any CPU
		{CD7A1F29-0A42-45EC-BCF2-75C3CADF7778}.Debug|Any CPU.ActiveCfg = Debug|Any CPU
		{CD7A1F29-0A42-45EC-BCF2-75C3CADF7778}.Debug|Any CPU.Build.0 = Debug|Any CPU
		{295A373B-D554-4088-95AB-BD9315284382}.Debug|Any CPU.ActiveCfg = Debug|Any CPU
		{295A373B-D554-4088-95AB-BD9315284382}.Debug|Any CPU.Build.0 = Debug|Any CPU
		{295A373B-D554-4088-95AB-BD9315284382}.Release|Any CPU.ActiveCfg = Release|Any CPU
		{295A373B-D554-4088-95AB-BD9315284382}.Release|Any CPU.Build.0 = Release|Any CPU
		{7895300A-265D-4353-95AF-F5A42BA8D6CA}.Debug|Any CPU.ActiveCfg = Debug|Any CPU
		{7895300A-265D-4353-95AF-F5A42BA8D6CA}.Debug|Any CPU.Build.0 = Debug|Any CPU
		{7895300A-265D-4353-95AF-F5A42BA8D6CA}.Release|Any CPU.ActiveCfg = Release|Any CPU
		{7895300A-265D-4353-95AF-F5A42BA8D6CA}.Release|Any CPU.Build.0 = Release|Any CPU
		{E54DD184-E454-4B37-A62D-D336767BAC7C}.Debug|Any CPU.ActiveCfg = Debug|Any CPU
		{E54DD184-E454-4B37-A62D-D336767BAC7C}.Debug|Any CPU.Build.0 = Debug|Any CPU
		{E54DD184-E454-4B37-A62D-D336767BAC7C}.Release|Any CPU.ActiveCfg = Release|Any CPU
		{E54DD184-E454-4B37-A62D-D336767BAC7C}.Release|Any CPU.Build.0 = Release|Any CPU
		{32548BC7-68F6-4F3B-8475-E4542804A387}.Debug|Any CPU.ActiveCfg = Debug|Any CPU
		{32548BC7-68F6-4F3B-8475-E4542804A387}.Debug|Any CPU.Build.0 = Debug|Any CPU
		{32548BC7-68F6-4F3B-8475-E4542804A387}.Release|Any CPU.ActiveCfg = Release|Any CPU
		{32548BC7-68F6-4F3B-8475-E4542804A387}.Release|Any CPU.Build.0 = Release|Any CPU
		{C2936AED-738D-45C7-B36F-C671B8FE2C2F}.Debug|Any CPU.ActiveCfg = Debug|Any CPU
		{C2936AED-738D-45C7-B36F-C671B8FE2C2F}.Debug|Any CPU.Build.0 = Debug|Any CPU
		{C2936AED-738D-45C7-B36F-C671B8FE2C2F}.Release|Any CPU.ActiveCfg = Release|Any CPU
		{C2936AED-738D-45C7-B36F-C671B8FE2C2F}.Release|Any CPU.Build.0 = Release|Any CPU
	EndGlobalSection
	GlobalSection(NestedProjects) = preSolution
		{CD7A1F29-0A42-45EC-BCF2-75C3CADF7778}.Debug|Any CPU.ActiveCfg = Debug|Any CPU
		{CD7A1F29-0A42-45EC-BCF2-75C3CADF7778}.Debug|Any CPU.Build.0 = Debug|Any CPU
		{CD7A1F29-0A42-45EC-BCF2-75C3CADF7778}.Release|Any CPU.ActiveCfg = Release|Any CPU
		{CD7A1F29-0A42-45EC-BCF2-75C3CADF7778}.Release|Any CPU.Build.0 = Release|Any CPU
		{E54DD184-E454-4B37-A62D-D336767BAC7C} = {33A569F2-550C-4C1B-9199-468661A8EAEA}
	EndGlobalSection
EndGlobal
